
Microsoft Visual Studio Solution File, Format Version 12.00
# Visual Studio Version 16
VisualStudioVersion = 16.0.31624.102
MinimumVisualStudioVersion = 10.0.40219.1
Project("{FAE04EC0-301F-11D3-BF4B-00C04F79EFBC}") = "efetuar-pagamento", "efetuar-pagamento\efetuar-pagamento.csproj", "{FC337F98-DA18-433D-80DD-4227E95F3E95}"
EndProject
Global
	GlobalSection(SolutionConfigurationPlatforms) = preSolution
		Debug|Any CPU = Debug|Any CPU
		Release|Any CPU = Release|Any CPU
	EndGlobalSection
	GlobalSection(ProjectConfigurationPlatforms) = postSolution
		{FC337F98-DA18-433D-80DD-4227E95F3E95}.Debug|Any CPU.ActiveCfg = Debug|Any CPU
		{FC337F98-DA18-433D-80DD-4227E95F3E95}.Debug|Any CPU.Build.0 = Debug|Any CPU
		{FC337F98-DA18-433D-80DD-4227E95F3E95}.Release|Any CPU.ActiveCfg = Release|Any CPU
		{FC337F98-DA18-433D-80DD-4227E95F3E95}.Release|Any CPU.Build.0 = Release|Any CPU
	EndGlobalSection
	GlobalSection(SolutionProperties) = preSolution
		HideSolutionNode = FALSE
	EndGlobalSection
	GlobalSection(ExtensibilityGlobals) = postSolution
		SolutionGuid = {E1BFA14B-17BE-405E-9DC8-4688EB929088}
	EndGlobalSection
EndGlobal
